
Microsoft Visual Studio Solution File, Format Version 12.00
# Visual Studio Version 16
VisualStudioVersion = 16.0.30621.155
MinimumVisualStudioVersion = 10.0.40219.1
Project("{FAE04EC0-301F-11D3-BF4B-00C04F79EFBC}") = "SocketPiirto_receiver_runko", "SocketPiirto_receiver_runko\SocketPiirto_receiver_runko.csproj", "{FE310016-DB00-4378-BAAA-2C905F049F89}"
EndProject
Global
	GlobalSection(SolutionConfigurationPlatforms) = preSolution
		Debug|Any CPU = Debug|Any CPU
		Release|Any CPU = Release|Any CPU
	EndGlobalSection
	GlobalSection(ProjectConfigurationPlatforms) = postSolution
		{FE310016-DB00-4378-BAAA-2C905F049F89}.Debug|Any CPU.ActiveCfg = Debug|Any CPU
		{FE310016-DB00-4378-BAAA-2C905F049F89}.Debug|Any CPU.Build.0 = Debug|Any CPU
		{FE310016-DB00-4378-BAAA-2C905F049F89}.Release|Any CPU.ActiveCfg = Release|Any CPU
		{FE310016-DB00-4378-BAAA-2C905F049F89}.Release|Any CPU.Build.0 = Release|Any CPU
	EndGlobalSection
	GlobalSection(SolutionProperties) = preSolution
		HideSolutionNode = FALSE
	EndGlobalSection
	GlobalSection(ExtensibilityGlobals) = postSolution
		SolutionGuid = {0C5FDAD0-14CA-4424-B22E-141B28690D6C}
	EndGlobalSection
EndGlobal
